
Microsoft Visual Studio Solution File, Format Version 12.00
Project("{FAE04EC0-301F-11D3-BF4B-00C04F79EFBC}") = "Trale", "src\Trale\Trale.csproj", "{A87CB03C-E4BC-4C9A-A298-A8241036E7A6}"
EndProject
Project("{FAE04EC0-301F-11D3-BF4B-00C04F79EFBC}") = "Infrastructure", "src\Infrastructure\Infrastructure.csproj", "{0968FA0B-7D22-431C-A2DA-D5C24E5E8BB0}"
EndProject
Project("{FAE04EC0-301F-11D3-BF4B-00C04F79EFBC}") = "Persistence", "src\Persistence\Persistence.csproj", "{1222C03B-4CBB-4595-BEC6-B49B2BE87D27}"
EndProject
Project("{FAE04EC0-301F-11D3-BF4B-00C04F79EFBC}") = "Application", "src\Application\Application.csproj", "{4EF3EEC4-2C8C-4E05-85B1-9E78DB6A7BFA}"
EndProject
Project("{FAE04EC0-301F-11D3-BF4B-00C04F79EFBC}") = "Domain", "src\Domain\Domain.csproj", "{EF5DF9A5-7E4B-4B1F-873F-FEEC93849553}"
EndProject
Project("{2150E333-8FDC-42A3-9474-1A3956D46DE8}") = "Tests", "Tests", "{F1CDE242-0C1E-40A3-8EA0-3EB4A7FED509}"
EndProject
Project("{2150E333-8FDC-42A3-9474-1A3956D46DE8}") = "Src", "Src", "{24B6F993-D24B-424A-ABF5-E5D237B2D20C}"
EndProject
Project("{FAE04EC0-301F-11D3-BF4B-00C04F79EFBC}") = "Application.UnitTests", "tests\Application.UnitTests\Application.UnitTests.csproj", "{22B61B55-08CC-4BE3-9642-A35B0CB23857}"
EndProject
Global
	GlobalSection(SolutionConfigurationPlatforms) = preSolution
		Debug|Any CPU = Debug|Any CPU
		Release|Any CPU = Release|Any CPU
	EndGlobalSection
	GlobalSection(ProjectConfigurationPlatforms) = postSolution
		{A87CB03C-E4BC-4C9A-A298-A8241036E7A6}.Debug|Any CPU.ActiveCfg = Debug|Any CPU
		{A87CB03C-E4BC-4C9A-A298-A8241036E7A6}.Debug|Any CPU.Build.0 = Debug|Any CPU
		{A87CB03C-E4BC-4C9A-A298-A8241036E7A6}.Release|Any CPU.ActiveCfg = Release|Any CPU
		{A87CB03C-E4BC-4C9A-A298-A8241036E7A6}.Release|Any CPU.Build.0 = Release|Any CPU
		{0968FA0B-7D22-431C-A2DA-D5C24E5E8BB0}.Debug|Any CPU.ActiveCfg = Debug|Any CPU
		{0968FA0B-7D22-431C-A2DA-D5C24E5E8BB0}.Debug|Any CPU.Build.0 = Debug|Any CPU
		{0968FA0B-7D22-431C-A2DA-D5C24E5E8BB0}.Release|Any CPU.ActiveCfg = Release|Any CPU
		{0968FA0B-7D22-431C-A2DA-D5C24E5E8BB0}.Release|Any CPU.Build.0 = Release|Any CPU
		{1222C03B-4CBB-4595-BEC6-B49B2BE87D27}.Debug|Any CPU.ActiveCfg = Debug|Any CPU
		{1222C03B-4CBB-4595-BEC6-B49B2BE87D27}.Debug|Any CPU.Build.0 = Debug|Any CPU
		{1222C03B-4CBB-4595-BEC6-B49B2BE87D27}.Release|Any CPU.ActiveCfg = Release|Any CPU
		{1222C03B-4CBB-4595-BEC6-B49B2BE87D27}.Release|Any CPU.Build.0 = Release|Any CPU
		{4EF3EEC4-2C8C-4E05-85B1-9E78DB6A7BFA}.Debug|Any CPU.ActiveCfg = Debug|Any CPU
		{4EF3EEC4-2C8C-4E05-85B1-9E78DB6A7BFA}.Debug|Any CPU.Build.0 = Debug|Any CPU
		{4EF3EEC4-2C8C-4E05-85B1-9E78DB6A7BFA}.Release|Any CPU.ActiveCfg = Release|Any CPU
		{4EF3EEC4-2C8C-4E05-85B1-9E78DB6A7BFA}.Release|Any CPU.Build.0 = Release|Any CPU
		{EF5DF9A5-7E4B-4B1F-873F-FEEC93849553}.Debug|Any CPU.ActiveCfg = Debug|Any CPU
		{EF5DF9A5-7E4B-4B1F-873F-FEEC93849553}.Debug|Any CPU.Build.0 = Debug|Any CPU
		{EF5DF9A5-7E4B-4B1F-873F-FEEC93849553}.Release|Any CPU.ActiveCfg = Release|Any CPU
		{EF5DF9A5-7E4B-4B1F-873F-FEEC93849553}.Release|Any CPU.Build.0 = Release|Any CPU
		{22B61B55-08CC-4BE3-9642-A35B0CB23857}.Debug|Any CPU.ActiveCfg = Debug|Any CPU
		{22B61B55-08CC-4BE3-9642-A35B0CB23857}.Debug|Any CPU.Build.0 = Debug|Any CPU
		{22B61B55-08CC-4BE3-9642-A35B0CB23857}.Release|Any CPU.ActiveCfg = Release|Any CPU
		{22B61B55-08CC-4BE3-9642-A35B0CB23857}.Release|Any CPU.Build.0 = Release|Any CPU
	EndGlobalSection
	GlobalSection(NestedProjects) = preSolution
		{4EF3EEC4-2C8C-4E05-85B1-9E78DB6A7BFA} = {24B6F993-D24B-424A-ABF5-E5D237B2D20C}
		{EF5DF9A5-7E4B-4B1F-873F-FEEC93849553} = {24B6F993-D24B-424A-ABF5-E5D237B2D20C}
		{0968FA0B-7D22-431C-A2DA-D5C24E5E8BB0} = {24B6F993-D24B-424A-ABF5-E5D237B2D20C}
		{1222C03B-4CBB-4595-BEC6-B49B2BE87D27} = {24B6F993-D24B-424A-ABF5-E5D237B2D20C}
		{A87CB03C-E4BC-4C9A-A298-A8241036E7A6} = {24B6F993-D24B-424A-ABF5-E5D237B2D20C}
		{22B61B55-08CC-4BE3-9642-A35B0CB23857} = {F1CDE242-0C1E-40A3-8EA0-3EB4A7FED509}
	EndGlobalSection
EndGlobal
